// !$*UTF8*$!
{
	archiveVersion = 1;
	classes = {
	};
	objectVersion = 50;
	objects = {

/* Begin PBXBuildFile section */
		7ABDF9AF212662EB00143F02 /* AppDelegate.swift in Sources */ = {isa = PBXBuildFile; fileRef = 7ABDF9AE212662EB00143F02 /* AppDelegate.swift */; };
		7ABDF9B1212662EB00143F02 /* ViewController.swift in Sources */ = {isa = PBXBuildFile; fileRef = 7ABDF9B0212662EB00143F02 /* ViewController.swift */; };
		7ABDF9B4212662EB00143F02 /* Main.storyboard in Resources */ = {isa = PBXBuildFile; fileRef = 7ABDF9B2212662EB00143F02 /* Main.storyboard */; };
		7ABDF9B6212662ED00143F02 /* Assets.xcassets in Resources */ = {isa = PBXBuildFile; fileRef = 7ABDF9B5212662ED00143F02 /* Assets.xcassets */; };
		7ABDF9B9212662ED00143F02 /* LaunchScreen.storyboard in Resources */ = {isa = PBXBuildFile; fileRef = 7ABDF9B7212662ED00143F02 /* LaunchScreen.storyboard */; };
		7ABDF9C2212662FE00143F02 /* ZXHSlideInAnimationController.swift in Sources */ = {isa = PBXBuildFile; fileRef = 7ABDF9C0212662FE00143F02 /* ZXHSlideInAnimationController.swift */; };
		7ABDF9C3212662FE00143F02 /* ZXHSlideOutAnimationController.swift in Sources */ = {isa = PBXBuildFile; fileRef = 7ABDF9C1212662FE00143F02 /* ZXHSlideOutAnimationController.swift */; };
		7ABDF9C62126639100143F02 /* MQSlideViewController.swift in Sources */ = {isa = PBXBuildFile; fileRef = 7ABDF9C42126639100143F02 /* MQSlideViewController.swift */; };
		7ABDF9C72126639100143F02 /* MQSlideViewController.xib in Resources */ = {isa = PBXBuildFile; fileRef = 7ABDF9C52126639100143F02 /* MQSlideViewController.xib */; };
		7ABDF9C92126647500143F02 /* ZXDimmingPresentationController.swift in Sources */ = {isa = PBXBuildFile; fileRef = 7ABDF9C82126647500143F02 /* ZXDimmingPresentationController.swift */; };
/* End PBXBuildFile section */

/* Begin PBXFileReference section */
		7ABDF9AB212662EB00143F02 /* MQSlideAnimation.app */ = {isa = PBXFileReference; explicitFileType = wrapper.application; includeInIndex = 0; path = MQSlideAnimation.app; sourceTree = BUILT_PRODUCTS_DIR; };
		7ABDF9AE212662EB00143F02 /* AppDelegate.swift */ = {isa = PBXFileReference; lastKnownFileType = sourcecode.swift; path = AppDelegate.swift; sourceTree = "<group>"; };
		7ABDF9B0212662EB00143F02 /* ViewController.swift */ = {isa = PBXFileReference; lastKnownFileType = sourcecode.swift; path = ViewController.swift; sourceTree = "<group>"; };
		7ABDF9B3212662EB00143F02 /* Base */ = {isa = PBXFileReference; lastKnownFileType = file.storyboard; name = Base; path = Base.lproj/Main.storyboard; sourceTree = "<group>"; };
		7ABDF9B5212662ED00143F02 /* Assets.xcassets */ = {isa = PBXFileReference; lastKnownFileType = folder.assetcatalog; path = Assets.xcassets; sourceTree = "<group>"; };
		7ABDF9B8212662ED00143F02 /* Base */ = {isa = PBXFileReference; lastKnownFileType = file.storyboard; name = Base; path = Base.lproj/LaunchScreen.storyboard; sourceTree = "<group>"; };
		7ABDF9BA212662ED00143F02 /* Info.plist */ = {isa = PBXFileReference; lastKnownFileType = text.plist.xml; path = Info.plist; sourceTree = "<group>"; };
		7ABDF9C0212662FE00143F02 /* ZXHSlideInAnimationController.swift */ = {isa = PBXFileReference; fileEncoding = 4; lastKnownFileType = sourcecode.swift; path = ZXHSlideInAnimationController.swift; sourceTree = "<group>"; };
		7ABDF9C1212662FE00143F02 /* ZXHSlideOutAnimationController.swift */ = {isa = PBXFileReference; fileEncoding = 4; lastKnownFileType = sourcecode.swift; path = ZXHSlideOutAnimationController.swift; sourceTree = "<group>"; };
		7ABDF9C42126639100143F02 /* MQSlideViewController.swift */ = {isa = PBXFileReference; lastKnownFileType = sourcecode.swift; path = MQSlideViewController.swift; sourceTree = "<group>"; };
		7ABDF9C52126639100143F02 /* MQSlideViewController.xib */ = {isa = PBXFileReference; lastKnownFileType = file.xib; path = MQSlideViewController.xib; sourceTree = "<group>"; };
		7ABDF9C82126647500143F02 /* ZXDimmingPresentationController.swift */ = {isa = PBXFileReference; fileEncoding = 4; lastKnownFileType = sourcecode.swift; path = ZXDimmingPresentationController.swift; sourceTree = "<group>"; };
/* End PBXFileReference section */

/* Begin PBXFrameworksBuildPhase section */
		7ABDF9A8212662EB00143F02 /* Frameworks */ = {
			isa = PBXFrameworksBuildPhase;
			buildActionMask = 2147483647;
			files = (
			);
			runOnlyForDeploymentPostprocessing = 0;
		};
/* End PBXFrameworksBuildPhase section */

/* Begin PBXGroup section */
		7ABDF9A2212662EB00143F02 = {
			isa = PBXGroup;
			children = (
				7ABDF9AD212662EB00143F02 /* MQSlideAnimation */,
				7ABDF9AC212662EB00143F02 /* Products */,
			);
			sourceTree = "<group>";
		};
		7ABDF9AC212662EB00143F02 /* Products */ = {
			isa = PBXGroup;
			children = (
				7ABDF9AB212662EB00143F02 /* MQSlideAnimation.app */,
			);
			name = Products;
			sourceTree = "<group>";
		};
		7ABDF9AD212662EB00143F02 /* MQSlideAnimation */ = {
			isa = PBXGroup;
			children = (
				7ABDF9AE212662EB00143F02 /* AppDelegate.swift */,
				7ABDF9B0212662EB00143F02 /* ViewController.swift */,
				7ABDF9C42126639100143F02 /* MQSlideViewController.swift */,
				7ABDF9C52126639100143F02 /* MQSlideViewController.xib */,
				7ABDF9C0212662FE00143F02 /* ZXHSlideInAnimationController.swift */,
				7ABDF9C1212662FE00143F02 /* ZXHSlideOutAnimationController.swift */,
				7ABDF9C82126647500143F02 /* ZXDimmingPresentationController.swift */,
				7ABDF9B2212662EB00143F02 /* Main.storyboard */,
				7ABDF9B5212662ED00143F02 /* Assets.xcassets */,
				7ABDF9B7212662ED00143F02 /* LaunchScreen.storyboard */,
				7ABDF9BA212662ED00143F02 /* Info.plist */,
			);
			path = MQSlideAnimation;
			sourceTree = "<group>";
		};
/* End PBXGroup section */

/* Begin PBXNativeTarget section */
		7ABDF9AA212662EB00143F02 /* MQSlideAnimation */ = {
			isa = PBXNativeTarget;
			buildConfigurationList = 7ABDF9BD212662ED00143F02 /* Build configuration list for PBXNativeTarget "MQSlideAnimation" */;
			buildPhases = (
				7ABDF9A7212662EB00143F02 /* Sources */,
				7ABDF9A8212662EB00143F02 /* Frameworks */,
				7ABDF9A9212662EB00143F02 /* Resources */,
			);
			buildRules = (
			);
			dependencies = (
			);
			name = MQSlideAnimation;
			productName = MQSlideAnimation;
			productReference = 7ABDF9AB212662EB00143F02 /* MQSlideAnimation.app */;
			productType = "com.apple.product-type.application";
		};
/* End PBXNativeTarget section */

/* Begin PBXProject section */
		7ABDF9A3212662EB00143F02 /* Project object */ = {
			isa = PBXProject;
			attributes = {
				LastSwiftUpdateCheck = 0940;
				LastUpgradeCheck = 0940;
				ORGANIZATIONNAME = MQ;
				TargetAttributes = {
					7ABDF9AA212662EB00143F02 = {
						CreatedOnToolsVersion = 9.4.1;
					};
				};
			};
			buildConfigurationList = 7ABDF9A6212662EB00143F02 /* Build configuration list for PBXProject "MQSlideAnimation" */;
			compatibilityVersion = "Xcode 9.3";
			developmentRegion = en;
			hasScannedForEncodings = 0;
			knownRegions = (
				en,
				Base,
			);
			mainGroup = 7ABDF9A2212662EB00143F02;
			productRefGroup = 7ABDF9AC212662EB00143F02 /* Products */;
			projectDirPath = "";
			projectRoot = "";
			targets = (
				7ABDF9AA212662EB00143F02 /* MQSlideAnimation */,
			);
		};
/* End PBXProject section */

/* Begin PBXResourcesBuildPhase section */
		7ABDF9A9212662EB00143F02 /* Resources */ = {
			isa = PBXResourcesBuildPhase;
			buildActionMask = 2147483647;
			files = (
				7ABDF9C72126639100143F02 /* MQSlideViewController.xib in Resources */,
				7ABDF9B9212662ED00143F02 /* LaunchScreen.storyboard in Resources */,
				7ABDF9B6212662ED00143F02 /* Assets.xcassets in Resources */,
				7ABDF9B4212662EB00143F02 /* Main.storyboard in Resources */,
			);
			runOnlyForDeploymentPostprocessing = 0;
		};
/* End PBXResourcesBuildPhase section */

/* Begin PBXSourcesBuildPhase section */
		7ABDF9A7212662EB00143F02 /* Sources */ = {
			isa = PBXSourcesBuildPhase;
			buildActionMask = 2147483647;
			files = (
				7ABDF9C2212662FE00143F02 /* ZXHSlideInAnimationController.swift in Sources */,
				7ABDF9B1212662EB00143F02 /* ViewController.swift in Sources */,
				7ABDF9C3212662FE00143F02 /* ZXHSlideOutAnimationController.swift in Sources */,
				7ABDF9C92126647500143F02 /* ZXDimmingPresentationController.swift in Sources */,
				7ABDF9AF212662EB00143F02 /* AppDelegate.swift in Sources */,
				7ABDF9C62126639100143F02 /* MQSlideViewController.swift in Sources */,
			);
			runOnlyForDeploymentPostprocessing = 0;
		};
/* End PBXSourcesBuildPhase section */

/* Begin PBXVariantGroup section */
		7ABDF9B2212662EB00143F02 /* Main.storyboard */ = {
			isa = PBXVariantGroup;
			children = (
				7ABDF9B3212662EB00143F02 /* Base */,
			);
			name = Main.storyboard;
			sourceTree = "<group>";
		};
		7ABDF9B7212662ED00143F02 /* LaunchScreen.storyboard */ = {
			isa = PBXVariantGroup;
			children = (
				7ABDF9B8212662ED00143F02 /* Base */,
			);
			name = LaunchScreen.storyboard;
			sourceTree = "<group>";
		};
/* End PBXVariantGroup section */

/* Begin XCBuildConfiguration section */
		7ABDF9BB212662ED00143F02 /* Debug */ = {
			isa = XCBuildConfiguration;
			buildSettings = {
				ALWAYS_SEARCH_USER_PATHS = NO;
				CLANG_ANALYZER_NONNULL = YES;
				CLANG_ANALYZER_NUMBER_OBJECT_CONVERSION = YES_AGGRESSIVE;
				CLANG_CXX_LANGUAGE_STANDARD = "gnu++14";
				CLANG_CXX_LIBRARY = "libc++";
				CLANG_ENABLE_MODULES = YES;
				CLANG_ENABLE_OBJC_ARC = YES;
				CLANG_ENABLE_OBJC_WEAK = YES;
				CLANG_WARN_BLOCK_CAPTURE_AUTORELEASING = YES;
				CLANG_WARN_BOOL_CONVERSION = YES;
				CLANG_WARN_COMMA = YES;
				CLANG_WARN_CONSTANT_CONVERSION = YES;
				CLANG_WARN_DEPRECATED_OBJC_IMPLEMENTATIONS = YES;
				CLANG_WARN_DIRECT_OBJC_ISA_USAGE = YES_ERROR;
				CLANG_WARN_DOCUMENTATION_COMMENTS = YES;
				CLANG_WARN_EMPTY_BODY = YES;
				CLANG_WARN_ENUM_CONVERSION = YES;
				CLANG_WARN_INFINITE_RECURSION = YES;
				CLANG_WARN_INT_CONVERSION = YES;
				CLANG_WARN_NON_LITERAL_NULL_CONVERSION = YES;
				CLANG_WARN_OBJC_IMPLICIT_RETAIN_SELF = YES;
				CLANG_WARN_OBJC_LITERAL_CONVERSION = YES;
				CLANG_WARN_OBJC_ROOT_CLASS = YES_ERROR;
				CLANG_WARN_RANGE_LOOP_ANALYSIS = YES;
				CLANG_WARN_STRICT_PROTOTYPES = YES;
				CLANG_WARN_SUSPICIOUS_MOVE = YES;
				CLANG_WARN_UNGUARDED_AVAILABILITY = YES_AGGRESSIVE;
				CLANG_WARN_UNREACHABLE_CODE = YES;
				CLANG_WARN__DUPLICATE_METHOD_MATCH = YES;
				CODE_SIGN_IDENTITY = "iPhone Developer";
				COPY_PHASE_STRIP = NO;
				DEBUG_INFORMATION_FORMAT = dwarf;
				ENABLE_STRICT_OBJC_MSGSEND = YES;
				ENABLE_TESTABILITY = YES;
				GCC_C_LANGUAGE_STANDARD = gnu11;
				GCC_DYNAMIC_NO_PIC = NO;
				GCC_NO_COMMON_BLOCKS = YES;
				GCC_OPTIMIZATION_LEVEL = 0;
				GCC_PREPROCESSOR_DEFINITIONS = (
					"DEBUG=1",
					"$(inherited)",
				);
				GCC_WARN_64_TO_32_BIT_CONVERSION = YES;
				GCC_WARN_ABOUT_RETURN_TYPE = YES_ERROR;
				GCC_WARN_UNDECLARED_SELECTOR = YES;
				GCC_WARN_UNINITIALIZED_AUTOS = YES_AGGRESSIVE;
				GCC_WARN_UNUSED_FUNCTION = YES;
				GCC_WARN_UNUSED_VARIABLE = YES;
				IPHONEOS_DEPLOYMENT_TARGET = 11.4;
				MTL_ENABLE_DEBUG_INFO = YES;
				ONLY_ACTIVE_ARCH = YES;
				SDKROOT = iphoneos;
				SWIFT_ACTIVE_COMPILATION_CONDITIONS = DEBUG;
				SWIFT_OPTIMIZATION_LEVEL = "-Onone";
			};
			name = Debug;
		};
		7ABDF9BC212662ED00143F02 /* Release */ = {
			isa = XCBuildConfiguration;
			buildSettings = {
				ALWAYS_SEARCH_USER_PATHS = NO;
				CLANG_ANALYZER_NONNULL = YES;
				CLANG_ANALYZER_NUMBER_OBJECT_CONVERSION = YES_AGGRESSIVE;
				CLANG_CXX_LANGUAGE_STANDARD = "gnu++14";
				CLANG_CXX_LIBRARY = "libc++";
				CLANG_ENABLE_MODULES = YES;
				CLANG_ENABLE_OBJC_ARC = YES;
				CLANG_ENABLE_OBJC_WEAK = YES;
				CLANG_WARN_BLOCK_CAPTURE_AUTORELEASING = YES;
				CLANG_WARN_BOOL_CONVERSION = YES;
				CLANG_WARN_COMMA = YES;
				CLANG_WARN_CONSTANT_CONVERSION = YES;
				CLANG_WARN_DEPRECATED_OBJC_IMPLEMENTATIONS = YES;
				CLANG_WARN_DIRECT_OBJC_ISA_USAGE = YES_ERROR;
				CLANG_WARN_DOCUMENTATION_COMMENTS = YES;
				CLANG_WARN_EMPTY_BODY = YES;
				CLANG_WARN_ENUM_CONVERSION = YES;
				CLANG_WARN_INFINITE_RECURSION = YES;
				CLANG_WARN_INT_CONVERSION = YES;
				CLANG_WARN_NON_LITERAL_NULL_CONVERSION = YES;
				CLANG_WARN_OBJC_IMPLICIT_RETAIN_SELF = YES;
				CLANG_WARN_OBJC_LITERAL_CONVERSION = YES;
				CLANG_WARN_OBJC_ROOT_CLASS = YES_ERROR;
				CLANG_WARN_RANGE_LOOP_ANALYSIS = YES;
				CLANG_WARN_STRICT_PROTOTYPES = YES;
				CLANG_WARN_SUSPICIOUS_MOVE = YES;
				CLANG_WARN_UNGUARDED_AVAILABILITY = YES_AGGRESSIVE;
				CLANG_WARN_UNREACHABLE_CODE = YES;
				CLANG_WARN__DUPLICATE_METHOD_MATCH = YES;
				CODE_SIGN_IDENTITY = "iPhone Developer";
				COPY_PHASE_STRIP = NO;
				DEBUG_INFORMATION_FORMAT = "dwarf-with-dsym";
				ENABLE_NS_ASSERTIONS = NO;
				ENABLE_STRICT_OBJC_MSGSEND = YES;
				GCC_C_LANGUAGE_STANDARD = gnu11;
				GCC_NO_COMMON_BLOCKS = YES;
				GCC_WARN_64_TO_32_BIT_CONVERSION = YES;
				GCC_WARN_ABOUT_RETURN_TYPE = YES_ERROR;
				GCC_WARN_UNDECLARED_SELECTOR = YES;
				GCC_WARN_UNINITIALIZED_AUTOS = YES_AGGRESSIVE;
				GCC_WARN_UNUSED_FUNCTION = YES;
				GCC_WARN_UNUSED_VARIABLE = YES;
				IPHONEOS_DEPLOYMENT_TARGET = 11.4;
				MTL_ENABLE_DEBUG_INFO = NO;
				SDKROOT = iphoneos;
				SWIFT_COMPILATION_MODE = wholemodule;
				SWIFT_OPTIMIZATION_LEVEL = "-O";
				VALIDATE_PRODUCT = YES;
			};
			name = Release;
		};
		7ABDF9BE212662ED00143F02 /* Debug */ = {
			isa = XCBuildConfiguration;
			buildSettings = {
				ASSETCATALOG_COMPILER_APPICON_NAME = AppIcon;
				CODE_SIGN_STYLE = Automatic;
				DEVELOPMENT_TEAM = L3G727RJHN;
				INFOPLIST_FILE = MQSlideAnimation/Info.plist;
				LD_RUNPATH_SEARCH_PATHS = (
					"$(inherited)",
					"@executable_path/Frameworks",
				);
				PRODUCT_BUNDLE_IDENTIFIER = com.MQ.MQSlideAnimation;
				PRODUCT_NAME = "$(TARGET_NAME)";
				SWIFT_VERSION = 4.0;
				TARGETED_DEVICE_FAMILY = "1,2";
			};
			name = Debug;
		};
		7ABDF9BF212662ED00143F02 /* Release */ = {
			isa = XCBuildConfiguration;
			buildSettings = {
				ASSETCATALOG_COMPILER_APPICON_NAME = AppIcon;
				CODE_SIGN_STYLE = Automatic;
				DEVELOPMENT_TEAM = L3G727RJHN;
				INFOPLIST_FILE = MQSlideAnimation/Info.plist;
				LD_RUNPATH_SEARCH_PATHS = (
					"$(inherited)",
					"@executable_path/Frameworks",
				);
				PRODUCT_BUNDLE_IDENTIFIER = com.MQ.MQSlideAnimation;
				PRODUCT_NAME = "$(TARGET_NAME)";
				SWIFT_VERSION = 4.0;
				TARGETED_DEVICE_FAMILY = "1,2";
			};
			name = Release;
		};
/* End XCBuildConfiguration section */

/* Begin XCConfigurationList section */
		7ABDF9A6212662EB00143F02 /* Build configuration list for PBXProject "MQSlideAnimation" */ = {
			isa = XCConfigurationList;
			buildConfigurations = (
				7ABDF9BB212662ED00143F02 /* Debug */,
				7ABDF9BC212662ED00143F02 /* Release */,
			);
			defaultConfigurationIsVisible = 0;
			defaultConfigurationName = Release;
		};
		7ABDF9BD212662ED00143F02 /* Build configuration list for PBXNativeTarget "MQSlideAnimation" */ = {
			isa = XCConfigurationList;
			buildConfigurations = (
				7ABDF9BE212662ED00143F02 /* Debug */,
				7ABDF9BF212662ED00143F02 /* Release */,
			);
			defaultConfigurationIsVisible = 0;
			defaultConfigurationName = Release;
		};
/* End XCConfigurationList section */
	};
	rootObject = 7ABDF9A3212662EB00143F02 /* Project object */;
}
